// !$*UTF8*$!
{
	archiveVersion = 1;
	classes = {
	};
	objectVersion = 51;
	objects = {

/* Begin PBXBuildFile section */
		33043E3F25F73E64001868D5 /* InputType.swift in Sources */ = {isa = PBXBuildFile; fileRef = 33043E3E25F73E64001868D5 /* InputType.swift */; };
		3321842325E00C0C003D710C /* CustomView.swift in Sources */ = {isa = PBXBuildFile; fileRef = 3321842225E00C0C003D710C /* CustomView.swift */; };
		3321842725E00C24003D710C /* CustomView.xib in Resources */ = {isa = PBXBuildFile; fileRef = 3321842625E00C24003D710C /* CustomView.xib */; };
		3348BF0225E24433002324EE /* FixedIncome.swift in Sources */ = {isa = PBXBuildFile; fileRef = 3348BF0125E24433002324EE /* FixedIncome.swift */; };
		3348BF0625E24451002324EE /* FixedSpending.swift in Sources */ = {isa = PBXBuildFile; fileRef = 3348BF0525E24451002324EE /* FixedSpending.swift */; };
		3348BF0C25E26082002324EE /* BudgetRepository.swift in Sources */ = {isa = PBXBuildFile; fileRef = 3348BF0B25E26082002324EE /* BudgetRepository.swift */; };
		334B69FF25F7199F0046A4CE /* CAGradientLayer+Extension.swift in Sources */ = {isa = PBXBuildFile; fileRef = 334B69FE25F7199F0046A4CE /* CAGradientLayer+Extension.swift */; };
		334B6A0225F72C2D0046A4CE /* UIColor+Extension.swift in Sources */ = {isa = PBXBuildFile; fileRef = 334B6A0125F72C2C0046A4CE /* UIColor+Extension.swift */; };
		3370011D25D34EA4004225FB /* SplashViewController.swift in Sources */ = {isa = PBXBuildFile; fileRef = 3370011C25D34EA4004225FB /* SplashViewController.swift */; };
		338570B425FA3C45008624C8 /* MoneyManagementUseCase.swift in Sources */ = {isa = PBXBuildFile; fileRef = 338570B325FA3C45008624C8 /* MoneyManagementUseCase.swift */; };
		33A3FC3C25F64C1D007F00A1 /* Date+Extension.swift in Sources */ = {isa = PBXBuildFile; fileRef = 33A3FC3B25F64C1D007F00A1 /* Date+Extension.swift */; };
		33A3FC4025F64D36007F00A1 /* Int+Extension.swift in Sources */ = {isa = PBXBuildFile; fileRef = 33A3FC3F25F64D36007F00A1 /* Int+Extension.swift */; };
		33BA52E725D36F940095A11F /* Menu.swift in Sources */ = {isa = PBXBuildFile; fileRef = 33BA52E625D36F940095A11F /* Menu.swift */; };
		33D3B24425F7569800AD2FD2 /* FixedSavings.swift in Sources */ = {isa = PBXBuildFile; fileRef = 33D3B24325F7569800AD2FD2 /* FixedSavings.swift */; };
		33DCB5B125FB4FE600ACD12E /* AppSettingUseCase.swift in Sources */ = {isa = PBXBuildFile; fileRef = 33DCB5B025FB4FE600ACD12E /* AppSettingUseCase.swift */; };
		33DCB5B425FB999F00ACD12E /* IncomeAndExpenditureUseCase.swift in Sources */ = {isa = PBXBuildFile; fileRef = 33DCB5B325FB999F00ACD12E /* IncomeAndExpenditureUseCase.swift */; };
		33E4B7EB25D0102400A3CD36 /* AppDelegate.swift in Sources */ = {isa = PBXBuildFile; fileRef = 33E4B7EA25D0102400A3CD36 /* AppDelegate.swift */; };
		33E4B7ED25D0102400A3CD36 /* SceneDelegate.swift in Sources */ = {isa = PBXBuildFile; fileRef = 33E4B7EC25D0102400A3CD36 /* SceneDelegate.swift */; };
		33E4B7F225D0102400A3CD36 /* Main.storyboard in Resources */ = {isa = PBXBuildFile; fileRef = 33E4B7F025D0102400A3CD36 /* Main.storyboard */; };
		33E4B7F425D0102500A3CD36 /* Assets.xcassets in Resources */ = {isa = PBXBuildFile; fileRef = 33E4B7F325D0102500A3CD36 /* Assets.xcassets */; };
		33E4B7F725D0102500A3CD36 /* LaunchScreen.storyboard in Resources */ = {isa = PBXBuildFile; fileRef = 33E4B7F525D0102500A3CD36 /* LaunchScreen.storyboard */; };
		33E4B80425D016F000A3CD36 /* MainViewController.swift in Sources */ = {isa = PBXBuildFile; fileRef = 33E4B80325D016F000A3CD36 /* MainViewController.swift */; };
		33E4B80725D0174600A3CD36 /* MenuViewController.swift in Sources */ = {isa = PBXBuildFile; fileRef = 33E4B80625D0174600A3CD36 /* MenuViewController.swift */; };
		33E4B80A25D0186600A3CD36 /* BudgetSettingViewController.swift in Sources */ = {isa = PBXBuildFile; fileRef = 33E4B80925D0186600A3CD36 /* BudgetSettingViewController.swift */; };
		33E4B80D25D01A8800A3CD36 /* BalanceBreakdownViewController.swift in Sources */ = {isa = PBXBuildFile; fileRef = 33E4B80C25D01A8800A3CD36 /* BalanceBreakdownViewController.swift */; };
		33E4B81025D01B8700A3CD36 /* MonthlyRecordViewController.swift in Sources */ = {isa = PBXBuildFile; fileRef = 33E4B80F25D01B8700A3CD36 /* MonthlyRecordViewController.swift */; };
		33E4B81425D01D3300A3CD36 /* AddFixedIncomeViewController.swift in Sources */ = {isa = PBXBuildFile; fileRef = 33E4B81325D01D3300A3CD36 /* AddFixedIncomeViewController.swift */; };
		33E4B81825D01D5200A3CD36 /* AddFixedSpendingViewController.swift in Sources */ = {isa = PBXBuildFile; fileRef = 33E4B81725D01D5200A3CD36 /* AddFixedSpendingViewController.swift */; };
		33E4B81B25D01D6F00A3CD36 /* AddFixedSavingsViewController.swift in Sources */ = {isa = PBXBuildFile; fileRef = 33E4B81A25D01D6F00A3CD36 /* AddFixedSavingsViewController.swift */; };
		33E4B82225D03CE000A3CD36 /* MenuTableViewCell.swift in Sources */ = {isa = PBXBuildFile; fileRef = 33E4B82125D03CE000A3CD36 /* MenuTableViewCell.swift */; };
		33E907F325DDEE8100786C7B /* ItemTableViewCell.swift in Sources */ = {isa = PBXBuildFile; fileRef = 33E907F225DDEE8100786C7B /* ItemTableViewCell.swift */; };
		33F47A5F25F0149800E720F9 /* DailyIncomeAndExpenditure.swift in Sources */ = {isa = PBXBuildFile; fileRef = 33F47A5E25F0149700E720F9 /* DailyIncomeAndExpenditure.swift */; };
		8233407E83E150AC8DFCCAF3 /* Pods_SimpleBudgetApp.framework in Frameworks */ = {isa = PBXBuildFile; fileRef = 7C693082D34BD08C937D0898 /* Pods_SimpleBudgetApp.framework */; };
/* End PBXBuildFile section */

/* Begin PBXFileReference section */
		33043E3E25F73E64001868D5 /* InputType.swift */ = {isa = PBXFileReference; lastKnownFileType = sourcecode.swift; path = InputType.swift; sourceTree = "<group>"; };
		3321842225E00C0C003D710C /* CustomView.swift */ = {isa = PBXFileReference; lastKnownFileType = sourcecode.swift; path = CustomView.swift; sourceTree = "<group>"; };
		3321842625E00C24003D710C /* CustomView.xib */ = {isa = PBXFileReference; lastKnownFileType = file.xib; path = CustomView.xib; sourceTree = "<group>"; };
		3348BF0125E24433002324EE /* FixedIncome.swift */ = {isa = PBXFileReference; lastKnownFileType = sourcecode.swift; path = FixedIncome.swift; sourceTree = "<group>"; };
		3348BF0525E24451002324EE /* FixedSpending.swift */ = {isa = PBXFileReference; lastKnownFileType = sourcecode.swift; path = FixedSpending.swift; sourceTree = "<group>"; };
		3348BF0B25E26082002324EE /* BudgetRepository.swift */ = {isa = PBXFileReference; lastKnownFileType = sourcecode.swift; path = BudgetRepository.swift; sourceTree = "<group>"; };
		334B69FE25F7199F0046A4CE /* CAGradientLayer+Extension.swift */ = {isa = PBXFileReference; lastKnownFileType = sourcecode.swift; path = "CAGradientLayer+Extension.swift"; sourceTree = "<group>"; };
		334B6A0125F72C2C0046A4CE /* UIColor+Extension.swift */ = {isa = PBXFileReference; lastKnownFileType = sourcecode.swift; path = "UIColor+Extension.swift"; sourceTree = "<group>"; };
		3370011C25D34EA4004225FB /* SplashViewController.swift */ = {isa = PBXFileReference; lastKnownFileType = sourcecode.swift; path = SplashViewController.swift; sourceTree = "<group>"; };
		338570B325FA3C45008624C8 /* MoneyManagementUseCase.swift */ = {isa = PBXFileReference; lastKnownFileType = sourcecode.swift; path = MoneyManagementUseCase.swift; sourceTree = "<group>"; };
		33A3FC3B25F64C1D007F00A1 /* Date+Extension.swift */ = {isa = PBXFileReference; lastKnownFileType = sourcecode.swift; path = "Date+Extension.swift"; sourceTree = "<group>"; };
		33A3FC3F25F64D36007F00A1 /* Int+Extension.swift */ = {isa = PBXFileReference; lastKnownFileType = sourcecode.swift; path = "Int+Extension.swift"; sourceTree = "<group>"; };
		33BA52E625D36F940095A11F /* Menu.swift */ = {isa = PBXFileReference; lastKnownFileType = sourcecode.swift; path = Menu.swift; sourceTree = "<group>"; };
		33D3B24325F7569800AD2FD2 /* FixedSavings.swift */ = {isa = PBXFileReference; lastKnownFileType = sourcecode.swift; path = FixedSavings.swift; sourceTree = "<group>"; };
		33DCB5B025FB4FE600ACD12E /* AppSettingUseCase.swift */ = {isa = PBXFileReference; lastKnownFileType = sourcecode.swift; path = AppSettingUseCase.swift; sourceTree = "<group>"; };
		33DCB5B325FB999F00ACD12E /* IncomeAndExpenditureUseCase.swift */ = {isa = PBXFileReference; lastKnownFileType = sourcecode.swift; path = IncomeAndExpenditureUseCase.swift; sourceTree = "<group>"; };
		33E4B7E725D0102300A3CD36 /* SimpleBudgetApp.app */ = {isa = PBXFileReference; explicitFileType = wrapper.application; includeInIndex = 0; path = SimpleBudgetApp.app; sourceTree = BUILT_PRODUCTS_DIR; };
		33E4B7EA25D0102400A3CD36 /* AppDelegate.swift */ = {isa = PBXFileReference; lastKnownFileType = sourcecode.swift; path = AppDelegate.swift; sourceTree = "<group>"; };
		33E4B7EC25D0102400A3CD36 /* SceneDelegate.swift */ = {isa = PBXFileReference; lastKnownFileType = sourcecode.swift; path = SceneDelegate.swift; sourceTree = "<group>"; };
		33E4B7F125D0102400A3CD36 /* Base */ = {isa = PBXFileReference; lastKnownFileType = file.storyboard; name = Base; path = Base.lproj/Main.storyboard; sourceTree = "<group>"; };
		33E4B7F325D0102500A3CD36 /* Assets.xcassets */ = {isa = PBXFileReference; lastKnownFileType = folder.assetcatalog; path = Assets.xcassets; sourceTree = "<group>"; };
		33E4B7F625D0102500A3CD36 /* Base */ = {isa = PBXFileReference; lastKnownFileType = file.storyboard; name = Base; path = Base.lproj/LaunchScreen.storyboard; sourceTree = "<group>"; };
		33E4B7F825D0102500A3CD36 /* Info.plist */ = {isa = PBXFileReference; lastKnownFileType = text.plist.xml; path = Info.plist; sourceTree = "<group>"; };
		33E4B80325D016F000A3CD36 /* MainViewController.swift */ = {isa = PBXFileReference; lastKnownFileType = sourcecode.swift; path = MainViewController.swift; sourceTree = "<group>"; };
		33E4B80625D0174600A3CD36 /* MenuViewController.swift */ = {isa = PBXFileReference; lastKnownFileType = sourcecode.swift; path = MenuViewController.swift; sourceTree = "<group>"; };
		33E4B80925D0186600A3CD36 /* BudgetSettingViewController.swift */ = {isa = PBXFileReference; lastKnownFileType = sourcecode.swift; path = BudgetSettingViewController.swift; sourceTree = "<group>"; };
		33E4B80C25D01A8800A3CD36 /* BalanceBreakdownViewController.swift */ = {isa = PBXFileReference; lastKnownFileType = sourcecode.swift; path = BalanceBreakdownViewController.swift; sourceTree = "<group>"; };
		33E4B80F25D01B8700A3CD36 /* MonthlyRecordViewController.swift */ = {isa = PBXFileReference; lastKnownFileType = sourcecode.swift; path = MonthlyRecordViewController.swift; sourceTree = "<group>"; };
		33E4B81325D01D3300A3CD36 /* AddFixedIncomeViewController.swift */ = {isa = PBXFileReference; lastKnownFileType = sourcecode.swift; path = AddFixedIncomeViewController.swift; sourceTree = "<group>"; };
		33E4B81725D01D5200A3CD36 /* AddFixedSpendingViewController.swift */ = {isa = PBXFileReference; lastKnownFileType = sourcecode.swift; path = AddFixedSpendingViewController.swift; sourceTree = "<group>"; };
		33E4B81A25D01D6F00A3CD36 /* AddFixedSavingsViewController.swift */ = {isa = PBXFileReference; lastKnownFileType = sourcecode.swift; path = AddFixedSavingsViewController.swift; sourceTree = "<group>"; };
		33E4B82125D03CE000A3CD36 /* MenuTableViewCell.swift */ = {isa = PBXFileReference; lastKnownFileType = sourcecode.swift; path = MenuTableViewCell.swift; sourceTree = "<group>"; };
		33E907F225DDEE8100786C7B /* ItemTableViewCell.swift */ = {isa = PBXFileReference; lastKnownFileType = sourcecode.swift; path = ItemTableViewCell.swift; sourceTree = "<group>"; };
		33F47A5E25F0149700E720F9 /* DailyIncomeAndExpenditure.swift */ = {isa = PBXFileReference; lastKnownFileType = sourcecode.swift; path = DailyIncomeAndExpenditure.swift; sourceTree = "<group>"; };
		6BB2F9C0B73ACA432F6E0E9A /* Pods-SimpleBudgetApp.debug.xcconfig */ = {isa = PBXFileReference; includeInIndex = 1; lastKnownFileType = text.xcconfig; name = "Pods-SimpleBudgetApp.debug.xcconfig"; path = "Target Support Files/Pods-SimpleBudgetApp/Pods-SimpleBudgetApp.debug.xcconfig"; sourceTree = "<group>"; };
		7C693082D34BD08C937D0898 /* Pods_SimpleBudgetApp.framework */ = {isa = PBXFileReference; explicitFileType = wrapper.framework; includeInIndex = 0; path = Pods_SimpleBudgetApp.framework; sourceTree = BUILT_PRODUCTS_DIR; };
		FAFFFA5AC302987268AFC317 /* Pods-SimpleBudgetApp.release.xcconfig */ = {isa = PBXFileReference; includeInIndex = 1; lastKnownFileType = text.xcconfig; name = "Pods-SimpleBudgetApp.release.xcconfig"; path = "Target Support Files/Pods-SimpleBudgetApp/Pods-SimpleBudgetApp.release.xcconfig"; sourceTree = "<group>"; };
/* End PBXFileReference section */

/* Begin PBXFrameworksBuildPhase section */
		33E4B7E425D0102300A3CD36 /* Frameworks */ = {
			isa = PBXFrameworksBuildPhase;
			buildActionMask = 2147483647;
			files = (
				8233407E83E150AC8DFCCAF3 /* Pods_SimpleBudgetApp.framework in Frameworks */,
			);
			runOnlyForDeploymentPostprocessing = 0;
		};
/* End PBXFrameworksBuildPhase section */

/* Begin PBXGroup section */
		33043E3D25F73E34001868D5 /* InputType */ = {
			isa = PBXGroup;
			children = (
				33043E3E25F73E64001868D5 /* InputType.swift */,
			);
			path = InputType;
			sourceTree = "<group>";
		};
		3321842125E00BF2003D710C /* View */ = {
			isa = PBXGroup;
			children = (
				3321842225E00C0C003D710C /* CustomView.swift */,
				3321842625E00C24003D710C /* CustomView.xib */,
			);
			path = View;
			sourceTree = "<group>";
		};
		3348BF0025E24413002324EE /* Entities */ = {
			isa = PBXGroup;
			children = (
				3348BF0125E24433002324EE /* FixedIncome.swift */,
				3348BF0525E24451002324EE /* FixedSpending.swift */,
				33D3B24325F7569800AD2FD2 /* FixedSavings.swift */,
				33F47A5E25F0149700E720F9 /* DailyIncomeAndExpenditure.swift */,
			);
			path = Entities;
			sourceTree = "<group>";
		};
		33800DEC25D7CECE002977AF /* Cell */ = {
			isa = PBXGroup;
			children = (
				33E4B82125D03CE000A3CD36 /* MenuTableViewCell.swift */,
				33E907F225DDEE8100786C7B /* ItemTableViewCell.swift */,
			);
			path = Cell;
			sourceTree = "<group>";
		};
		33A3FC3925F64BD0007F00A1 /* Utiles */ = {
			isa = PBXGroup;
			children = (
				33A3FC3A25F64BE5007F00A1 /* extensions */,
			);
			path = Utiles;
			sourceTree = "<group>";
		};
		33A3FC3A25F64BE5007F00A1 /* extensions */ = {
			isa = PBXGroup;
			children = (
				33A3FC3B25F64C1D007F00A1 /* Date+Extension.swift */,
				33A3FC3F25F64D36007F00A1 /* Int+Extension.swift */,
				334B69FE25F7199F0046A4CE /* CAGradientLayer+Extension.swift */,
				334B6A0125F72C2C0046A4CE /* UIColor+Extension.swift */,
			);
			path = extensions;
			sourceTree = "<group>";
		};
		33A3FC4225F64E65007F00A1 /* List */ = {
			isa = PBXGroup;
			children = (
				33A3FC4425F654D3007F00A1 /* SideMenu */,
				33043E3D25F73E34001868D5 /* InputType */,
			);
			path = List;
			sourceTree = "<group>";
		};
		33A3FC4325F653DE007F00A1 /* Repositories */ = {
			isa = PBXGroup;
			children = (
				3348BF0B25E26082002324EE /* BudgetRepository.swift */,
			);
			path = Repositories;
			sourceTree = "<group>";
		};
		33A3FC4425F654D3007F00A1 /* SideMenu */ = {
			isa = PBXGroup;
			children = (
				33BA52E625D36F940095A11F /* Menu.swift */,
			);
			path = SideMenu;
			sourceTree = "<group>";
		};
		33A3FC4525F654FF007F00A1 /* UseCases */ = {
			isa = PBXGroup;
			children = (
				338570B325FA3C45008624C8 /* MoneyManagementUseCase.swift */,
				33DCB5B325FB999F00ACD12E /* IncomeAndExpenditureUseCase.swift */,
				33DCB5B025FB4FE600ACD12E /* AppSettingUseCase.swift */,
			);
			path = UseCases;
			sourceTree = "<group>";
		};
		33E4B7DE25D0102300A3CD36 = {
			isa = PBXGroup;
			children = (
				33E4B7E925D0102300A3CD36 /* SimpleBudgetApp */,
				33E4B7E825D0102300A3CD36 /* Products */,
				485CF1BD30260F0911E48462 /* Pods */,
				40D20BBF642B21F732AB26F5 /* Frameworks */,
			);
			sourceTree = "<group>";
		};
		33E4B7E825D0102300A3CD36 /* Products */ = {
			isa = PBXGroup;
			children = (
				33E4B7E725D0102300A3CD36 /* SimpleBudgetApp.app */,
			);
			name = Products;
			sourceTree = "<group>";
		};
		33E4B7E925D0102300A3CD36 /* SimpleBudgetApp */ = {
			isa = PBXGroup;
			children = (
				33A3FC3925F64BD0007F00A1 /* Utiles */,
				33E4B80025D016AA00A3CD36 /* Model */,
				33E4B80125D016B100A3CD36 /* View */,
				33E4B80225D016BE00A3CD36 /* Controller */,
				33E4B7EA25D0102400A3CD36 /* AppDelegate.swift */,
				33E4B7EC25D0102400A3CD36 /* SceneDelegate.swift */,
				33E4B7F025D0102400A3CD36 /* Main.storyboard */,
				33E4B7F325D0102500A3CD36 /* Assets.xcassets */,
				33E4B7F525D0102500A3CD36 /* LaunchScreen.storyboard */,
				33E4B7F825D0102500A3CD36 /* Info.plist */,
			);
			path = SimpleBudgetApp;
			sourceTree = "<group>";
		};
		33E4B80025D016AA00A3CD36 /* Model */ = {
			isa = PBXGroup;
			children = (
				33A3FC4325F653DE007F00A1 /* Repositories */,
				33A3FC4525F654FF007F00A1 /* UseCases */,
				3348BF0025E24413002324EE /* Entities */,
				33A3FC4225F64E65007F00A1 /* List */,
			);
			path = Model;
			sourceTree = "<group>";
		};
		33E4B80125D016B100A3CD36 /* View */ = {
			isa = PBXGroup;
			children = (
				3321842125E00BF2003D710C /* View */,
				33800DEC25D7CECE002977AF /* Cell */,
			);
			path = View;
			sourceTree = "<group>";
		};
		33E4B80225D016BE00A3CD36 /* Controller */ = {
			isa = PBXGroup;
			children = (
				3370011C25D34EA4004225FB /* SplashViewController.swift */,
				33E4B80325D016F000A3CD36 /* MainViewController.swift */,
				33E4B80625D0174600A3CD36 /* MenuViewController.swift */,
				33E4B80925D0186600A3CD36 /* BudgetSettingViewController.swift */,
				33E4B81325D01D3300A3CD36 /* AddFixedIncomeViewController.swift */,
				33E4B81725D01D5200A3CD36 /* AddFixedSpendingViewController.swift */,
				33E4B81A25D01D6F00A3CD36 /* AddFixedSavingsViewController.swift */,
				33E4B80C25D01A8800A3CD36 /* BalanceBreakdownViewController.swift */,
				33E4B80F25D01B8700A3CD36 /* MonthlyRecordViewController.swift */,
			);
			path = Controller;
			sourceTree = "<group>";
		};
		40D20BBF642B21F732AB26F5 /* Frameworks */ = {
			isa = PBXGroup;
			children = (
				7C693082D34BD08C937D0898 /* Pods_SimpleBudgetApp.framework */,
			);
			name = Frameworks;
			sourceTree = "<group>";
		};
		485CF1BD30260F0911E48462 /* Pods */ = {
			isa = PBXGroup;
			children = (
				6BB2F9C0B73ACA432F6E0E9A /* Pods-SimpleBudgetApp.debug.xcconfig */,
				FAFFFA5AC302987268AFC317 /* Pods-SimpleBudgetApp.release.xcconfig */,
			);
			path = Pods;
			sourceTree = "<group>";
		};
/* End PBXGroup section */

/* Begin PBXNativeTarget section */
		33E4B7E625D0102300A3CD36 /* SimpleBudgetApp */ = {
			isa = PBXNativeTarget;
			buildConfigurationList = 33E4B7FB25D0102500A3CD36 /* Build configuration list for PBXNativeTarget "SimpleBudgetApp" */;
			buildPhases = (
				9B39AE2C33E0B1714CD7E079 /* [CP] Check Pods Manifest.lock */,
				33E4B7E325D0102300A3CD36 /* Sources */,
				33E4B7E425D0102300A3CD36 /* Frameworks */,
				33E4B7E525D0102300A3CD36 /* Resources */,
				2D358F7EAE6D5CA4B8DDAE96 /* [CP] Embed Pods Frameworks */,
			);
			buildRules = (
			);
			dependencies = (
			);
			name = SimpleBudgetApp;
			productName = SimpleBudgetApp;
			productReference = 33E4B7E725D0102300A3CD36 /* SimpleBudgetApp.app */;
			productType = "com.apple.product-type.application";
		};
/* End PBXNativeTarget section */

/* Begin PBXProject section */
		33E4B7DF25D0102300A3CD36 /* Project object */ = {
			isa = PBXProject;
			attributes = {
				LastSwiftUpdateCheck = 1240;
				LastUpgradeCheck = 1240;
				TargetAttributes = {
					33E4B7E625D0102300A3CD36 = {
						CreatedOnToolsVersion = 12.4;
					};
				};
			};
			buildConfigurationList = 33E4B7E225D0102300A3CD36 /* Build configuration list for PBXProject "SimpleBudgetApp" */;
			compatibilityVersion = "Xcode 9.3";
			developmentRegion = en;
			hasScannedForEncodings = 0;
			knownRegions = (
				en,
				Base,
			);
			mainGroup = 33E4B7DE25D0102300A3CD36;
			productRefGroup = 33E4B7E825D0102300A3CD36 /* Products */;
			projectDirPath = "";
			projectRoot = "";
			targets = (
				33E4B7E625D0102300A3CD36 /* SimpleBudgetApp */,
			);
		};
/* End PBXProject section */

/* Begin PBXResourcesBuildPhase section */
		33E4B7E525D0102300A3CD36 /* Resources */ = {
			isa = PBXResourcesBuildPhase;
			buildActionMask = 2147483647;
			files = (
				33E4B7F725D0102500A3CD36 /* LaunchScreen.storyboard in Resources */,
				3321842725E00C24003D710C /* CustomView.xib in Resources */,
				33E4B7F425D0102500A3CD36 /* Assets.xcassets in Resources */,
				33E4B7F225D0102400A3CD36 /* Main.storyboard in Resources */,
			);
			runOnlyForDeploymentPostprocessing = 0;
		};
/* End PBXResourcesBuildPhase section */

/* Begin PBXShellScriptBuildPhase section */
		2D358F7EAE6D5CA4B8DDAE96 /* [CP] Embed Pods Frameworks */ = {
			isa = PBXShellScriptBuildPhase;
			buildActionMask = 2147483647;
			files = (
			);
			inputFileListPaths = (
				"${PODS_ROOT}/Target Support Files/Pods-SimpleBudgetApp/Pods-SimpleBudgetApp-frameworks-${CONFIGURATION}-input-files.xcfilelist",
			);
			name = "[CP] Embed Pods Frameworks";
			outputFileListPaths = (
				"${PODS_ROOT}/Target Support Files/Pods-SimpleBudgetApp/Pods-SimpleBudgetApp-frameworks-${CONFIGURATION}-output-files.xcfilelist",
			);
			runOnlyForDeploymentPostprocessing = 0;
			shellPath = /bin/sh;
			shellScript = "\"${PODS_ROOT}/Target Support Files/Pods-SimpleBudgetApp/Pods-SimpleBudgetApp-frameworks.sh\"\n";
			showEnvVarsInLog = 0;
		};
		9B39AE2C33E0B1714CD7E079 /* [CP] Check Pods Manifest.lock */ = {
			isa = PBXShellScriptBuildPhase;
			buildActionMask = 2147483647;
			files = (
			);
			inputFileListPaths = (
			);
			inputPaths = (
				"${PODS_PODFILE_DIR_PATH}/Podfile.lock",
				"${PODS_ROOT}/Manifest.lock",
			);
			name = "[CP] Check Pods Manifest.lock";
			outputFileListPaths = (
			);
			outputPaths = (
				"$(DERIVED_FILE_DIR)/Pods-SimpleBudgetApp-checkManifestLockResult.txt",
			);
			runOnlyForDeploymentPostprocessing = 0;
			shellPath = /bin/sh;
			shellScript = "diff \"${PODS_PODFILE_DIR_PATH}/Podfile.lock\" \"${PODS_ROOT}/Manifest.lock\" > /dev/null\nif [ $? != 0 ] ; then\n    # print error to STDERR\n    echo \"error: The sandbox is not in sync with the Podfile.lock. Run 'pod install' or update your CocoaPods installation.\" >&2\n    exit 1\nfi\n# This output is used by Xcode 'outputs' to avoid re-running this script phase.\necho \"SUCCESS\" > \"${SCRIPT_OUTPUT_FILE_0}\"\n";
			showEnvVarsInLog = 0;
		};
/* End PBXShellScriptBuildPhase section */

/* Begin PBXSourcesBuildPhase section */
		33E4B7E325D0102300A3CD36 /* Sources */ = {
			isa = PBXSourcesBuildPhase;
			buildActionMask = 2147483647;
			files = (
				33D3B24425F7569800AD2FD2 /* FixedSavings.swift in Sources */,
				3321842325E00C0C003D710C /* CustomView.swift in Sources */,
				33A3FC3C25F64C1D007F00A1 /* Date+Extension.swift in Sources */,
				33E4B81425D01D3300A3CD36 /* AddFixedIncomeViewController.swift in Sources */,
				3348BF0C25E26082002324EE /* BudgetRepository.swift in Sources */,
				33E4B80425D016F000A3CD36 /* MainViewController.swift in Sources */,
				3348BF0625E24451002324EE /* FixedSpending.swift in Sources */,
				33E4B7EB25D0102400A3CD36 /* AppDelegate.swift in Sources */,
				334B6A0225F72C2D0046A4CE /* UIColor+Extension.swift in Sources */,
				3370011D25D34EA4004225FB /* SplashViewController.swift in Sources */,
				33E4B81B25D01D6F00A3CD36 /* AddFixedSavingsViewController.swift in Sources */,
				33E4B7ED25D0102400A3CD36 /* SceneDelegate.swift in Sources */,
				33DCB5B425FB999F00ACD12E /* IncomeAndExpenditureUseCase.swift in Sources */,
				3348BF0225E24433002324EE /* FixedIncome.swift in Sources */,
				33E907F325DDEE8100786C7B /* ItemTableViewCell.swift in Sources */,
				33E4B80D25D01A8800A3CD36 /* BalanceBreakdownViewController.swift in Sources */,
				33043E3F25F73E64001868D5 /* InputType.swift in Sources */,
				33E4B80725D0174600A3CD36 /* MenuViewController.swift in Sources */,
				33E4B80A25D0186600A3CD36 /* BudgetSettingViewController.swift in Sources */,
				334B69FF25F7199F0046A4CE /* CAGradientLayer+Extension.swift in Sources */,
				338570B425FA3C45008624C8 /* MoneyManagementUseCase.swift in Sources */,
				33A3FC4025F64D36007F00A1 /* Int+Extension.swift in Sources */,
				33F47A5F25F0149800E720F9 /* DailyIncomeAndExpenditure.swift in Sources */,
				33DCB5B125FB4FE600ACD12E /* AppSettingUseCase.swift in Sources */,
				33BA52E725D36F940095A11F /* Menu.swift in Sources */,
				33E4B81825D01D5200A3CD36 /* AddFixedSpendingViewController.swift in Sources */,
				33E4B81025D01B8700A3CD36 /* MonthlyRecordViewController.swift in Sources */,
				33E4B82225D03CE000A3CD36 /* MenuTableViewCell.swift in Sources */,
			);
			runOnlyForDeploymentPostprocessing = 0;
		};
/* End PBXSourcesBuildPhase section */

/* Begin PBXVariantGroup section */
		33E4B7F025D0102400A3CD36 /* Main.storyboard */ = {
			isa = PBXVariantGroup;
			children = (
				33E4B7F125D0102400A3CD36 /* Base */,
			);
			name = Main.storyboard;
			sourceTree = "<group>";
		};
		33E4B7F525D0102500A3CD36 /* LaunchScreen.storyboard */ = {
			isa = PBXVariantGroup;
			children = (
				33E4B7F625D0102500A3CD36 /* Base */,
			);
			name = LaunchScreen.storyboard;
			sourceTree = "<group>";
		};
/* End PBXVariantGroup section */

/* Begin XCBuildConfiguration section */
		33E4B7F925D0102500A3CD36 /* Debug */ = {
			isa = XCBuildConfiguration;
			buildSettings = {
				ALWAYS_SEARCH_USER_PATHS = NO;
				CLANG_ANALYZER_NONNULL = YES;
				CLANG_ANALYZER_NUMBER_OBJECT_CONVERSION = YES_AGGRESSIVE;
				CLANG_CXX_LANGUAGE_STANDARD = "gnu++14";
				CLANG_CXX_LIBRARY = "libc++";
				CLANG_ENABLE_MODULES = YES;
				CLANG_ENABLE_OBJC_ARC = YES;
				CLANG_ENABLE_OBJC_WEAK = YES;
				CLANG_WARN_BLOCK_CAPTURE_AUTORELEASING = YES;
				CLANG_WARN_BOOL_CONVERSION = YES;
				CLANG_WARN_COMMA = YES;
				CLANG_WARN_CONSTANT_CONVERSION = YES;
				CLANG_WARN_DEPRECATED_OBJC_IMPLEMENTATIONS = YES;
				CLANG_WARN_DIRECT_OBJC_ISA_USAGE = YES_ERROR;
				CLANG_WARN_DOCUMENTATION_COMMENTS = YES;
				CLANG_WARN_EMPTY_BODY = YES;
				CLANG_WARN_ENUM_CONVERSION = YES;
				CLANG_WARN_INFINITE_RECURSION = YES;
				CLANG_WARN_INT_CONVERSION = YES;
				CLANG_WARN_NON_LITERAL_NULL_CONVERSION = YES;
				CLANG_WARN_OBJC_IMPLICIT_RETAIN_SELF = YES;
				CLANG_WARN_OBJC_LITERAL_CONVERSION = YES;
				CLANG_WARN_OBJC_ROOT_CLASS = YES_ERROR;
				CLANG_WARN_QUOTED_INCLUDE_IN_FRAMEWORK_HEADER = YES;
				CLANG_WARN_RANGE_LOOP_ANALYSIS = YES;
				CLANG_WARN_STRICT_PROTOTYPES = YES;
				CLANG_WARN_SUSPICIOUS_MOVE = YES;
				CLANG_WARN_UNGUARDED_AVAILABILITY = YES_AGGRESSIVE;
				CLANG_WARN_UNREACHABLE_CODE = YES;
				CLANG_WARN__DUPLICATE_METHOD_MATCH = YES;
				COPY_PHASE_STRIP = NO;
				DEBUG_INFORMATION_FORMAT = dwarf;
				ENABLE_STRICT_OBJC_MSGSEND = YES;
				ENABLE_TESTABILITY = YES;
				GCC_C_LANGUAGE_STANDARD = gnu11;
				GCC_DYNAMIC_NO_PIC = NO;
				GCC_NO_COMMON_BLOCKS = YES;
				GCC_OPTIMIZATION_LEVEL = 0;
				GCC_PREPROCESSOR_DEFINITIONS = (
					"DEBUG=1",
					"$(inherited)",
				);
				GCC_WARN_64_TO_32_BIT_CONVERSION = YES;
				GCC_WARN_ABOUT_RETURN_TYPE = YES_ERROR;
				GCC_WARN_UNDECLARED_SELECTOR = YES;
				GCC_WARN_UNINITIALIZED_AUTOS = YES_AGGRESSIVE;
				GCC_WARN_UNUSED_FUNCTION = YES;
				GCC_WARN_UNUSED_VARIABLE = YES;
				IPHONEOS_DEPLOYMENT_TARGET = 14.4;
				MTL_ENABLE_DEBUG_INFO = INCLUDE_SOURCE;
				MTL_FAST_MATH = YES;
				ONLY_ACTIVE_ARCH = YES;
				SDKROOT = iphoneos;
				SWIFT_ACTIVE_COMPILATION_CONDITIONS = DEBUG;
				SWIFT_OPTIMIZATION_LEVEL = "-Onone";
			};
			name = Debug;
		};
		33E4B7FA25D0102500A3CD36 /* Release */ = {
			isa = XCBuildConfiguration;
			buildSettings = {
				ALWAYS_SEARCH_USER_PATHS = NO;
				CLANG_ANALYZER_NONNULL = YES;
				CLANG_ANALYZER_NUMBER_OBJECT_CONVERSION = YES_AGGRESSIVE;
				CLANG_CXX_LANGUAGE_STANDARD = "gnu++14";
				CLANG_CXX_LIBRARY = "libc++";
				CLANG_ENABLE_MODULES = YES;
				CLANG_ENABLE_OBJC_ARC = YES;
				CLANG_ENABLE_OBJC_WEAK = YES;
				CLANG_WARN_BLOCK_CAPTURE_AUTORELEASING = YES;
				CLANG_WARN_BOOL_CONVERSION = YES;
				CLANG_WARN_COMMA = YES;
				CLANG_WARN_CONSTANT_CONVERSION = YES;
				CLANG_WARN_DEPRECATED_OBJC_IMPLEMENTATIONS = YES;
				CLANG_WARN_DIRECT_OBJC_ISA_USAGE = YES_ERROR;
				CLANG_WARN_DOCUMENTATION_COMMENTS = YES;
				CLANG_WARN_EMPTY_BODY = YES;
				CLANG_WARN_ENUM_CONVERSION = YES;
				CLANG_WARN_INFINITE_RECURSION = YES;
				CLANG_WARN_INT_CONVERSION = YES;
				CLANG_WARN_NON_LITERAL_NULL_CONVERSION = YES;
				CLANG_WARN_OBJC_IMPLICIT_RETAIN_SELF = YES;
				CLANG_WARN_OBJC_LITERAL_CONVERSION = YES;
				CLANG_WARN_OBJC_ROOT_CLASS = YES_ERROR;
				CLANG_WARN_QUOTED_INCLUDE_IN_FRAMEWORK_HEADER = YES;
				CLANG_WARN_RANGE_LOOP_ANALYSIS = YES;
				CLANG_WARN_STRICT_PROTOTYPES = YES;
				CLANG_WARN_SUSPICIOUS_MOVE = YES;
				CLANG_WARN_UNGUARDED_AVAILABILITY = YES_AGGRESSIVE;
				CLANG_WARN_UNREACHABLE_CODE = YES;
				CLANG_WARN__DUPLICATE_METHOD_MATCH = YES;
				COPY_PHASE_STRIP = NO;
				DEBUG_INFORMATION_FORMAT = "dwarf-with-dsym";
				ENABLE_NS_ASSERTIONS = NO;
				ENABLE_STRICT_OBJC_MSGSEND = YES;
				GCC_C_LANGUAGE_STANDARD = gnu11;
				GCC_NO_COMMON_BLOCKS = YES;
				GCC_WARN_64_TO_32_BIT_CONVERSION = YES;
				GCC_WARN_ABOUT_RETURN_TYPE = YES_ERROR;
				GCC_WARN_UNDECLARED_SELECTOR = YES;
				GCC_WARN_UNINITIALIZED_AUTOS = YES_AGGRESSIVE;
				GCC_WARN_UNUSED_FUNCTION = YES;
				GCC_WARN_UNUSED_VARIABLE = YES;
				IPHONEOS_DEPLOYMENT_TARGET = 14.4;
				MTL_ENABLE_DEBUG_INFO = NO;
				MTL_FAST_MATH = YES;
				SDKROOT = iphoneos;
				SWIFT_COMPILATION_MODE = wholemodule;
				SWIFT_OPTIMIZATION_LEVEL = "-O";
				VALIDATE_PRODUCT = YES;
			};
			name = Release;
		};
		33E4B7FC25D0102500A3CD36 /* Debug */ = {
			isa = XCBuildConfiguration;
			baseConfigurationReference = 6BB2F9C0B73ACA432F6E0E9A /* Pods-SimpleBudgetApp.debug.xcconfig */;
			buildSettings = {
				ASSETCATALOG_COMPILER_APPICON_NAME = AppIcon;
				ASSETCATALOG_COMPILER_GLOBAL_ACCENT_COLOR_NAME = AccentColor;
				CODE_SIGN_STYLE = Automatic;
				DEVELOPMENT_TEAM = XQ8LR3Z48Q;
				INFOPLIST_FILE = SimpleBudgetApp/Info.plist;
				LD_RUNPATH_SEARCH_PATHS = (
					"$(inherited)",
					"@executable_path/Frameworks",
				);
				PRODUCT_BUNDLE_IDENTIFIER = "com.kurisu-seima.SimpleBudgetApp";
				PRODUCT_NAME = "$(TARGET_NAME)";
				SWIFT_VERSION = 5.0;
				TARGETED_DEVICE_FAMILY = "1,2";
			};
			name = Debug;
		};
		33E4B7FD25D0102500A3CD36 /* Release */ = {
			isa = XCBuildConfiguration;
			baseConfigurationReference = FAFFFA5AC302987268AFC317 /* Pods-SimpleBudgetApp.release.xcconfig */;
			buildSettings = {
				ASSETCATALOG_COMPILER_APPICON_NAME = AppIcon;
				ASSETCATALOG_COMPILER_GLOBAL_ACCENT_COLOR_NAME = AccentColor;
				CODE_SIGN_STYLE = Automatic;
				DEVELOPMENT_TEAM = XQ8LR3Z48Q;
				INFOPLIST_FILE = SimpleBudgetApp/Info.plist;
				LD_RUNPATH_SEARCH_PATHS = (
					"$(inherited)",
					"@executable_path/Frameworks",
				);
				PRODUCT_BUNDLE_IDENTIFIER = "com.kurisu-seima.SimpleBudgetApp";
				PRODUCT_NAME = "$(TARGET_NAME)";
				SWIFT_VERSION = 5.0;
				TARGETED_DEVICE_FAMILY = "1,2";
			};
			name = Release;
		};
/* End XCBuildConfiguration section */

/* Begin XCConfigurationList section */
		33E4B7E225D0102300A3CD36 /* Build configuration list for PBXProject "SimpleBudgetApp" */ = {
			isa = XCConfigurationList;
			buildConfigurations = (
				33E4B7F925D0102500A3CD36 /* Debug */,
				33E4B7FA25D0102500A3CD36 /* Release */,
			);
			defaultConfigurationIsVisible = 0;
			defaultConfigurationName = Release;
		};
		33E4B7FB25D0102500A3CD36 /* Build configuration list for PBXNativeTarget "SimpleBudgetApp" */ = {
			isa = XCConfigurationList;
			buildConfigurations = (
				33E4B7FC25D0102500A3CD36 /* Debug */,
				33E4B7FD25D0102500A3CD36 /* Release */,
			);
			defaultConfigurationIsVisible = 0;
			defaultConfigurationName = Release;
		};
/* End XCConfigurationList section */
	};
	rootObject = 33E4B7DF25D0102300A3CD36 /* Project object */;
}
